<?xml version="1.0" encoding="utf-8"?>
<Project ToolsVersion="4.0" xmlns="http://schemas.microsoft.com/developer/msbuild/2003">
  <ItemGroup>
    <Filter Include="Source Files">
      <UniqueIdentifier>{4FC737F1-C7A5-4376-A066-2A32D752A2FF}</UniqueIdentifier>
      <Extensions>cpp;c;cc;cxx;c++;cppm;ixx;def;odl;idl;hpj;bat;asm;asmx</Extensions>
    </Filter>
    <Filter Include="Header Files">
      <UniqueIdentifier>{93995380-89BD-4b04-88EB-625FBE52EBFB}</UniqueIdentifier>
      <Extensions>h;hh;hpp;hxx;h++;hm;inl;inc;ipp;xsd</Extensions>
    </Filter>
    <Filter Include="Resource Files">
      <UniqueIdentifier>{67DA6AB6-F800-4c08-8B7A-83BB121AAD01}</UniqueIdentifier>
      <Extensions>rc;ico;cur;bmp;dlg;rc2;rct;bin;rgs;gif;jpg;jpeg;jpe;resx;tiff;tif;png;wav;mfcribbon-ms</Extensions>
    </Filter>
    <Filter Include="Header Files\Components">
      <UniqueIdentifier>{0a0a79f7-9538-42e7-8532-e1195ba4c7f0}</UniqueIdentifier>
    </Filter>
    <Filter Include="Header Files\Core">
      <UniqueIdentifier>{4e280b15-3880-4e08-a45b-6d0da750a7c1}</UniqueIdentifier>
    </Filter>
    <Filter Include="Source Files\Components">
      <UniqueIdentifier>{cf6cc462-749c-4023-9724-d75d2e3f09ab}</UniqueIdentifier>
    </Filter>
    <Filter Include="Source Files\Core">
      <UniqueIdentifier>{a0b74e18-b209-42c5-a0e7-059711acc26d}</UniqueIdentifier>
    </Filter>
  </ItemGroup>
  <ItemGroup>
    <ClCompile Include="components\completions.cpp">
      <Filter>Source Files\Components</Filter>
    </ClCompile>
    <ClCompile Include="components\edits.cpp">
      <Filter>Source Files\Components</Filter>
    </ClCompile>
    <ClCompile Include="components\embeddings.cpp">
      <Filter>Source Files\Components</Filter>
    </ClCompile>
    <ClCompile Include="components\files.cpp">
      <Filter>Source Files\Components</Filter>
    </ClCompile>
    <ClCompile Include="components\fine_tunes.cpp">
      <Filter>Source Files\Components</Filter>
    </ClCompile>
    <ClCompile Include="components\images.cpp">
      <Filter>Source Files\Components</Filter>
    </ClCompile>
    <ClCompile Include="components\models.cpp">
      <Filter>Source Files\Components</Filter>
    </ClCompile>
    <ClCompile Include="components\moderations.cpp">
      <Filter>Source Files\Components</Filter>
    </ClCompile>
    <ClCompile Include="core\authorization.cpp">
      <Filter>Source Files\Core</Filter>
    </ClCompile>
    <ClCompile Include="core\response.cpp">
      <Filter>Source Files\Core</Filter>
    </ClCompile>
    <ClCompile Include="components\audio.cpp">
      <Filter>Source Files\Components</Filter>
    </ClCompile>
  </ItemGroup>
  <ItemGroup>
    <ClInclude Include="include\components\completions.h">
      <Filter>Header Files\Components</Filter>
    </ClInclude>
    <ClInclude Include="include\components\edits.h">
      <Filter>Header Files\Components</Filter>
    </ClInclude>
    <ClInclude Include="include\components\embeddings.h">
      <Filter>Header Files\Components</Filter>
    </ClInclude>
    <ClInclude Include="include\components\files.h">
      <Filter>Header Files\Components</Filter>
    </ClInclude>
    <ClInclude Include="include\components\fine_tunes.h">
      <Filter>Header Files\Components</Filter>
    </ClInclude>
    <ClInclude Include="include\components\images.h">
      <Filter>Header Files\Components</Filter>
    </ClInclude>
    <ClInclude Include="include\components\models.h">
      <Filter>Header Files\Components</Filter>
    </ClInclude>
    <ClInclude Include="include\components\moderations.h">
      <Filter>Header Files\Components</Filter>
    </ClInclude>
    <ClInclude Include="include\core\authorization.h">
      <Filter>Header Files\Core</Filter>
    </ClInclude>
    <ClInclude Include="include\core\exception.h">
      <Filter>Header Files\Core</Filter>
    </ClInclude>
    <ClInclude Include="include\core\network.h">
      <Filter>Header Files\Core</Filter>
    </ClInclude>
    <ClInclude Include="include\core\response.h">
      <Filter>Header Files\Core</Filter>
    </ClInclude>
    <ClInclude Include="liboai.h">
      <Filter>Header Files</Filter>
    </ClInclude>
    <ClInclude Include="include\components\audio.h">
      <Filter>Header Files\Components</Filter>
    </ClInclude>
  </ItemGroup>
</Project>